
Microsoft Visual Studio Solution File, Format Version 12.00
# Visual Studio 15
VisualStudioVersion = 15.0.27130.2027
MinimumVisualStudioVersion = 10.0.40219.1
Project("{FAE04EC0-301F-11D3-BF4B-00C04F79EFBC}") = "DemoAzureSearchWOD", "DemoAzureSearchWOD\DemoAzureSearchWOD.csproj", "{4699177B-6763-49BE-9B60-5BAAB94FEB4C}"
EndProject
Global
	GlobalSection(SolutionConfigurationPlatforms) = preSolution
		Debug|Any CPU = Debug|Any CPU
		Release|Any CPU = Release|Any CPU
	EndGlobalSection
	GlobalSection(ProjectConfigurationPlatforms) = postSolution
		{4699177B-6763-49BE-9B60-5BAAB94FEB4C}.Debug|Any CPU.ActiveCfg = Debug|Any CPU
		{4699177B-6763-49BE-9B60-5BAAB94FEB4C}.Debug|Any CPU.Build.0 = Debug|Any CPU
		{4699177B-6763-49BE-9B60-5BAAB94FEB4C}.Release|Any CPU.ActiveCfg = Release|Any CPU
		{4699177B-6763-49BE-9B60-5BAAB94FEB4C}.Release|Any CPU.Build.0 = Release|Any CPU
	EndGlobalSection
	GlobalSection(SolutionProperties) = preSolution
		HideSolutionNode = FALSE
	EndGlobalSection
	GlobalSection(ExtensibilityGlobals) = postSolution
		SolutionGuid = {C283C43E-1DC8-42F1-8CA0-53F3E06B02CA}
	EndGlobalSection
EndGlobal
